
Microsoft Visual Studio Solution File, Format Version 12.00
# Visual Studio Version 17
VisualStudioVersion = 17.14.36623.8 d17.14
MinimumVisualStudioVersion = 10.0.40219.1
Project("{FAE04EC0-301F-11D3-BF4B-00C04F79EFBC}") = "shuyun_pg_ocr_dll", "shuyun_pg_ocr_dll.csproj", "{005513A0-2AFC-6D90-8149-894EA6D4FD40}"
EndProject
Global
	GlobalSection(SolutionConfigurationPlatforms) = preSolution
		Debug|Any CPU = Debug|Any CPU
		Release|Any CPU = Release|Any CPU
	EndGlobalSection
	GlobalSection(ProjectConfigurationPlatforms) = postSolution
		{005513A0-2AFC-6D90-8149-894EA6D4FD40}.Debug|Any CPU.ActiveCfg = Debug|Any CPU
		{005513A0-2AFC-6D90-8149-894EA6D4FD40}.Debug|Any CPU.Build.0 = Debug|Any CPU
		{005513A0-2AFC-6D90-8149-894EA6D4FD40}.Release|Any CPU.ActiveCfg = Release|Any CPU
		{005513A0-2AFC-6D90-8149-894EA6D4FD40}.Release|Any CPU.Build.0 = Release|Any CPU
	EndGlobalSection
	GlobalSection(SolutionProperties) = preSolution
		HideSolutionNode = FALSE
	EndGlobalSection
	GlobalSection(ExtensibilityGlobals) = postSolution
		SolutionGuid = {5E024321-860A-47EE-812F-96C564690CCD}
	EndGlobalSection
EndGlobal
